
Microsoft Visual Studio Solution File, Format Version 12.00
# Visual Studio Version 17
VisualStudioVersion = 17.8.34309.116
MinimumVisualStudioVersion = 10.0.40219.1
Project("{FAE04EC0-301F-11D3-BF4B-00C04F79EFBC}") = "Agency.Core", "Agency.Core\Agency.Core.csproj", "{525D4DC4-F8E7-48D5-9BA2-BCD844F805CD}"
EndProject
Project("{FAE04EC0-301F-11D3-BF4B-00C04F79EFBC}") = "Agency.Business", "Agency.Business\Agency.Business.csproj", "{79C60066-A4EF-462B-8914-BCCBE00ACCBE}"
EndProject
Project("{FAE04EC0-301F-11D3-BF4B-00C04F79EFBC}") = "Agency.MVC", "Agency.MVC\Agency.MVC.csproj", "{4BFFB7BB-95ED-405D-AE10-6C5D2205AF40}"
EndProject
Project("{FAE04EC0-301F-11D3-BF4B-00C04F79EFBC}") = "Agency.DAL", "Agency.DAL\Agency.DAL.csproj", "{09305E24-C3C9-4745-A424-0DF462E89099}"
EndProject
Global
	GlobalSection(SolutionConfigurationPlatforms) = preSolution
		Debug|Any CPU = Debug|Any CPU
		Release|Any CPU = Release|Any CPU
	EndGlobalSection
	GlobalSection(ProjectConfigurationPlatforms) = postSolution
		{525D4DC4-F8E7-48D5-9BA2-BCD844F805CD}.Debug|Any CPU.ActiveCfg = Debug|Any CPU
		{525D4DC4-F8E7-48D5-9BA2-BCD844F805CD}.Debug|Any CPU.Build.0 = Debug|Any CPU
		{525D4DC4-F8E7-48D5-9BA2-BCD844F805CD}.Release|Any CPU.ActiveCfg = Release|Any CPU
		{525D4DC4-F8E7-48D5-9BA2-BCD844F805CD}.Release|Any CPU.Build.0 = Release|Any CPU
		{79C60066-A4EF-462B-8914-BCCBE00ACCBE}.Debug|Any CPU.ActiveCfg = Debug|Any CPU
		{79C60066-A4EF-462B-8914-BCCBE00ACCBE}.Debug|Any CPU.Build.0 = Debug|Any CPU
		{79C60066-A4EF-462B-8914-BCCBE00ACCBE}.Release|Any CPU.ActiveCfg = Release|Any CPU
		{79C60066-A4EF-462B-8914-BCCBE00ACCBE}.Release|Any CPU.Build.0 = Release|Any CPU
		{4BFFB7BB-95ED-405D-AE10-6C5D2205AF40}.Debug|Any CPU.ActiveCfg = Debug|Any CPU
		{4BFFB7BB-95ED-405D-AE10-6C5D2205AF40}.Debug|Any CPU.Build.0 = Debug|Any CPU
		{4BFFB7BB-95ED-405D-AE10-6C5D2205AF40}.Release|Any CPU.ActiveCfg = Release|Any CPU
		{4BFFB7BB-95ED-405D-AE10-6C5D2205AF40}.Release|Any CPU.Build.0 = Release|Any CPU
		{09305E24-C3C9-4745-A424-0DF462E89099}.Debug|Any CPU.ActiveCfg = Debug|Any CPU
		{09305E24-C3C9-4745-A424-0DF462E89099}.Debug|Any CPU.Build.0 = Debug|Any CPU
		{09305E24-C3C9-4745-A424-0DF462E89099}.Release|Any CPU.ActiveCfg = Release|Any CPU
		{09305E24-C3C9-4745-A424-0DF462E89099}.Release|Any CPU.Build.0 = Release|Any CPU
	EndGlobalSection
	GlobalSection(SolutionProperties) = preSolution
		HideSolutionNode = FALSE
	EndGlobalSection
	GlobalSection(ExtensibilityGlobals) = postSolution
		SolutionGuid = {35F2523F-B799-42AE-A73E-7C8659663B80}
	EndGlobalSection
EndGlobal
